{
  "name": "iz-group-tests",
  "lockfileVersion": 3,
  "requires": true,
  "packages": {
    "": {
      "name": "iz-group-tests",
      "license": "GPL-3.0-only",
      "devDependencies": {
        "@electric-sql/pglite": "0.3.14"
      },
      "engines": {
        "node": ">=24"
      }
    },
    "node_modules/@electric-sql/pglite": {
      "version": "0.3.14",
      "resolved": "https://registry.npmjs.org/@electric-sql/pglite/-/pglite-0.3.14.tgz",
      "integrity": "sha512-3DB258dhqdsArOI1fIt7cb9RpUOgcDg5hXWVgVHAeqVQ/qxtFy605QKs4gx6mFq3jWsSPqDN8TgSEsqC3OfV9Q==",
      "dev": true,
      "license": "Apache-2.0"
    }
  }
}
